
Microsoft Visual Studio Solution File, Format Version 12.00
# Visual Studio Version 16
VisualStudioVersion = 16.0.29728.190
MinimumVisualStudioVersion = 10.0.40219.1
Project("{FAE04EC0-301F-11D3-BF4B-00C04F79EFBC}") = "WPF_Test.Desktop", "WPF_Test\WPF_Test.Desktop.csproj", "{9C2E182D-8D2F-4001-B365-0016C72F5425}"
	ProjectSection(ProjectDependencies) = postProject
		{31B900E8-D9CB-412B-A4A8-821641C4AC25} = {31B900E8-D9CB-412B-A4A8-821641C4AC25}
	EndProjectSection
EndProject
Project("{FAE04EC0-301F-11D3-BF4B-00C04F79EFBC}") = "WPF_Test.Data", "WPF_Test.Data\WPF_Test.Data.csproj", "{31B900E8-D9CB-412B-A4A8-821641C4AC25}"
EndProject
Global
	GlobalSection(SolutionConfigurationPlatforms) = preSolution
		Debug|Any CPU = Debug|Any CPU
		Release|Any CPU = Release|Any CPU
	EndGlobalSection
	GlobalSection(ProjectConfigurationPlatforms) = postSolution
		{9C2E182D-8D2F-4001-B365-0016C72F5425}.Debug|Any CPU.ActiveCfg = Debug|Any CPU
		{9C2E182D-8D2F-4001-B365-0016C72F5425}.Debug|Any CPU.Build.0 = Debug|Any CPU
		{9C2E182D-8D2F-4001-B365-0016C72F5425}.Release|Any CPU.ActiveCfg = Release|Any CPU
		{9C2E182D-8D2F-4001-B365-0016C72F5425}.Release|Any CPU.Build.0 = Release|Any CPU
		{31B900E8-D9CB-412B-A4A8-821641C4AC25}.Debug|Any CPU.ActiveCfg = Debug|Any CPU
		{31B900E8-D9CB-412B-A4A8-821641C4AC25}.Debug|Any CPU.Build.0 = Debug|Any CPU
		{31B900E8-D9CB-412B-A4A8-821641C4AC25}.Release|Any CPU.ActiveCfg = Release|Any CPU
		{31B900E8-D9CB-412B-A4A8-821641C4AC25}.Release|Any CPU.Build.0 = Release|Any CPU
	EndGlobalSection
	GlobalSection(SolutionProperties) = preSolution
		HideSolutionNode = FALSE
	EndGlobalSection
	GlobalSection(ExtensibilityGlobals) = postSolution
		SolutionGuid = {8DBD6C43-F4E0-42C8-9FDA-6E2B2D91021A}
	EndGlobalSection
EndGlobal
